
Microsoft Visual Studio Solution File, Format Version 12.00
# Visual Studio Version 16
VisualStudioVersion = 16.0.31515.178
MinimumVisualStudioVersion = 10.0.40219.1
Project("{9A19103F-16F7-4668-BE54-9A1E7A4F7556}") = "RS.DataAccessLibrary", "RS.DataAccessLibrary\RS.DataAccessLibrary.csproj", "{0E01CD0E-08ED-4117-9A85-2201A0FD52F8}"
EndProject
Project("{9A19103F-16F7-4668-BE54-9A1E7A4F7556}") = "RS.SharedLibrary", "RS.SharedLibrary\RS.SharedLibrary.csproj", "{BAA79A67-E4F8-4AA1-855F-132E321DFBF3}"
EndProject
Project("{00D1A9C2-B5F0-4AF3-8072-F6C62B433612}") = "RS.Database", "RS.Database\RS.Database.sqlproj", "{A10C02CA-8FE3-4EA9-9A55-3EF7812589C6}"
EndProject
Project("{9A19103F-16F7-4668-BE54-9A1E7A4F7556}") = "RS.DAL", "RS.DAL\RS.DAL.csproj", "{9E5861CC-53E9-4918-910F-AF14C2BCAF59}"
EndProject
Project("{FAE04EC0-301F-11D3-BF4B-00C04F79EFBC}") = "RS.Tests", "RS.Tests\RS.Tests.csproj", "{32FCC80A-23C8-48E5-A883-44D319E04553}"
EndProject
Global
	GlobalSection(SolutionConfigurationPlatforms) = preSolution
		Debug|Any CPU = Debug|Any CPU
		Release|Any CPU = Release|Any CPU
	EndGlobalSection
	GlobalSection(ProjectConfigurationPlatforms) = postSolution
		{0E01CD0E-08ED-4117-9A85-2201A0FD52F8}.Debug|Any CPU.ActiveCfg = Debug|Any CPU
		{0E01CD0E-08ED-4117-9A85-2201A0FD52F8}.Debug|Any CPU.Build.0 = Debug|Any CPU
		{0E01CD0E-08ED-4117-9A85-2201A0FD52F8}.Release|Any CPU.ActiveCfg = Release|Any CPU
		{0E01CD0E-08ED-4117-9A85-2201A0FD52F8}.Release|Any CPU.Build.0 = Release|Any CPU
		{BAA79A67-E4F8-4AA1-855F-132E321DFBF3}.Debug|Any CPU.ActiveCfg = Debug|Any CPU
		{BAA79A67-E4F8-4AA1-855F-132E321DFBF3}.Debug|Any CPU.Build.0 = Debug|Any CPU
		{BAA79A67-E4F8-4AA1-855F-132E321DFBF3}.Release|Any CPU.ActiveCfg = Release|Any CPU
		{BAA79A67-E4F8-4AA1-855F-132E321DFBF3}.Release|Any CPU.Build.0 = Release|Any CPU
		{A10C02CA-8FE3-4EA9-9A55-3EF7812589C6}.Debug|Any CPU.ActiveCfg = Debug|Any CPU
		{A10C02CA-8FE3-4EA9-9A55-3EF7812589C6}.Debug|Any CPU.Build.0 = Debug|Any CPU
		{A10C02CA-8FE3-4EA9-9A55-3EF7812589C6}.Debug|Any CPU.Deploy.0 = Debug|Any CPU
		{A10C02CA-8FE3-4EA9-9A55-3EF7812589C6}.Release|Any CPU.ActiveCfg = Release|Any CPU
		{A10C02CA-8FE3-4EA9-9A55-3EF7812589C6}.Release|Any CPU.Build.0 = Release|Any CPU
		{A10C02CA-8FE3-4EA9-9A55-3EF7812589C6}.Release|Any CPU.Deploy.0 = Release|Any CPU
		{9E5861CC-53E9-4918-910F-AF14C2BCAF59}.Debug|Any CPU.ActiveCfg = Debug|Any CPU
		{9E5861CC-53E9-4918-910F-AF14C2BCAF59}.Debug|Any CPU.Build.0 = Debug|Any CPU
		{9E5861CC-53E9-4918-910F-AF14C2BCAF59}.Release|Any CPU.ActiveCfg = Release|Any CPU
		{9E5861CC-53E9-4918-910F-AF14C2BCAF59}.Release|Any CPU.Build.0 = Release|Any CPU
		{32FCC80A-23C8-48E5-A883-44D319E04553}.Debug|Any CPU.ActiveCfg = Debug|Any CPU
		{32FCC80A-23C8-48E5-A883-44D319E04553}.Debug|Any CPU.Build.0 = Debug|Any CPU
		{32FCC80A-23C8-48E5-A883-44D319E04553}.Release|Any CPU.ActiveCfg = Release|Any CPU
		{32FCC80A-23C8-48E5-A883-44D319E04553}.Release|Any CPU.Build.0 = Release|Any CPU
	EndGlobalSection
	GlobalSection(SolutionProperties) = preSolution
		HideSolutionNode = FALSE
	EndGlobalSection
	GlobalSection(ExtensibilityGlobals) = postSolution
		SolutionGuid = {D0575252-ACF2-4DB2-9F70-9650FEDFC703}
	EndGlobalSection
EndGlobal
